// !$*UTF8*$!
{
	archiveVersion = 1;
	classes = {
	};
	objectVersion = 50;
	objects = {

/* Begin PBXBuildFile section */
		68480A2124DB084C008996C8 /* AppDelegate.m in Sources */ = {isa = PBXBuildFile; fileRef = 68480A2024DB084C008996C8 /* AppDelegate.m */; };
		68480A2424DB084C008996C8 /* SceneDelegate.m in Sources */ = {isa = PBXBuildFile; fileRef = 68480A2324DB084C008996C8 /* SceneDelegate.m */; };
		68480A2724DB084C008996C8 /* ViewController.m in Sources */ = {isa = PBXBuildFile; fileRef = 68480A2624DB084C008996C8 /* ViewController.m */; };
		68480A2A24DB084C008996C8 /* Main.storyboard in Resources */ = {isa = PBXBuildFile; fileRef = 68480A2824DB084C008996C8 /* Main.storyboard */; };
		68480A2C24DB084E008996C8 /* Assets.xcassets in Resources */ = {isa = PBXBuildFile; fileRef = 68480A2B24DB084E008996C8 /* Assets.xcassets */; };
		68480A2F24DB084E008996C8 /* LaunchScreen.storyboard in Resources */ = {isa = PBXBuildFile; fileRef = 68480A2D24DB084E008996C8 /* LaunchScreen.storyboard */; };
		68480A3224DB084E008996C8 /* main.m in Sources */ = {isa = PBXBuildFile; fileRef = 68480A3124DB084E008996C8 /* main.m */; };
		68480A3C24DB084E008996C8 /* ____Tests.m in Sources */ = {isa = PBXBuildFile; fileRef = 68480A3B24DB084E008996C8 /* ____Tests.m */; };
		68480A4724DB084E008996C8 /* ____UITests.m in Sources */ = {isa = PBXBuildFile; fileRef = 68480A4624DB084E008996C8 /* ____UITests.m */; };
		68480A5624DB1077008996C8 /* person.m in Sources */ = {isa = PBXBuildFile; fileRef = 68480A5524DB1077008996C8 /* person.m */; };
/* End PBXBuildFile section */

/* Begin PBXContainerItemProxy section */
		68480A3824DB084E008996C8 /* PBXContainerItemProxy */ = {
			isa = PBXContainerItemProxy;
			containerPortal = 68480A1424DB084C008996C8 /* Project object */;
			proxyType = 1;
			remoteGlobalIDString = 68480A1B24DB084C008996C8;
			remoteInfo = "三次拯救";
		};
		68480A4324DB084E008996C8 /* PBXContainerItemProxy */ = {
			isa = PBXContainerItemProxy;
			containerPortal = 68480A1424DB084C008996C8 /* Project object */;
			proxyType = 1;
			remoteGlobalIDString = 68480A1B24DB084C008996C8;
			remoteInfo = "三次拯救";
		};
/* End PBXContainerItemProxy section */

/* Begin PBXFileReference section */
		68480A1C24DB084C008996C8 /* 三次拯救.app */ = {isa = PBXFileReference; explicitFileType = wrapper.application; includeInIndex = 0; path = "三次拯救.app"; sourceTree = BUILT_PRODUCTS_DIR; };
		68480A1F24DB084C008996C8 /* AppDelegate.h */ = {isa = PBXFileReference; lastKnownFileType = sourcecode.c.h; path = AppDelegate.h; sourceTree = "<group>"; };
		68480A2024DB084C008996C8 /* AppDelegate.m */ = {isa = PBXFileReference; lastKnownFileType = sourcecode.c.objc; path = AppDelegate.m; sourceTree = "<group>"; };
		68480A2224DB084C008996C8 /* SceneDelegate.h */ = {isa = PBXFileReference; lastKnownFileType = sourcecode.c.h; path = SceneDelegate.h; sourceTree = "<group>"; };
		68480A2324DB084C008996C8 /* SceneDelegate.m */ = {isa = PBXFileReference; lastKnownFileType = sourcecode.c.objc; path = SceneDelegate.m; sourceTree = "<group>"; };
		68480A2524DB084C008996C8 /* ViewController.h */ = {isa = PBXFileReference; lastKnownFileType = sourcecode.c.h; path = ViewController.h; sourceTree = "<group>"; };
		68480A2624DB084C008996C8 /* ViewController.m */ = {isa = PBXFileReference; lastKnownFileType = sourcecode.c.objc; path = ViewController.m; sourceTree = "<group>"; };
		68480A2924DB084C008996C8 /* Base */ = {isa = PBXFileReference; lastKnownFileType = file.storyboard; name = Base; path = Base.lproj/Main.storyboard; sourceTree = "<group>"; };
		68480A2B24DB084E008996C8 /* Assets.xcassets */ = {isa = PBXFileReference; lastKnownFileType = folder.assetcatalog; path = Assets.xcassets; sourceTree = "<group>"; };
		68480A2E24DB084E008996C8 /* Base */ = {isa = PBXFileReference; lastKnownFileType = file.storyboard; name = Base; path = Base.lproj/LaunchScreen.storyboard; sourceTree = "<group>"; };
		68480A3024DB084E008996C8 /* Info.plist */ = {isa = PBXFileReference; lastKnownFileType = text.plist.xml; path = Info.plist; sourceTree = "<group>"; };
		68480A3124DB084E008996C8 /* main.m */ = {isa = PBXFileReference; lastKnownFileType = sourcecode.c.objc; path = main.m; sourceTree = "<group>"; };
		68480A3724DB084E008996C8 /* 三次拯救Tests.xctest */ = {isa = PBXFileReference; explicitFileType = wrapper.cfbundle; includeInIndex = 0; path = "三次拯救Tests.xctest"; sourceTree = BUILT_PRODUCTS_DIR; };
		68480A3B24DB084E008996C8 /* ____Tests.m */ = {isa = PBXFileReference; lastKnownFileType = sourcecode.c.objc; path = "____Tests.m"; sourceTree = "<group>"; };
		68480A3D24DB084E008996C8 /* Info.plist */ = {isa = PBXFileReference; lastKnownFileType = text.plist.xml; path = Info.plist; sourceTree = "<group>"; };
		68480A4224DB084E008996C8 /* 三次拯救UITests.xctest */ = {isa = PBXFileReference; explicitFileType = wrapper.cfbundle; includeInIndex = 0; path = "三次拯救UITests.xctest"; sourceTree = BUILT_PRODUCTS_DIR; };
		68480A4624DB084E008996C8 /* ____UITests.m */ = {isa = PBXFileReference; lastKnownFileType = sourcecode.c.objc; path = "____UITests.m"; sourceTree = "<group>"; };
		68480A4824DB084E008996C8 /* Info.plist */ = {isa = PBXFileReference; lastKnownFileType = text.plist.xml; path = Info.plist; sourceTree = "<group>"; };
		68480A5424DB1077008996C8 /* person.h */ = {isa = PBXFileReference; lastKnownFileType = sourcecode.c.h; path = person.h; sourceTree = "<group>"; };
		68480A5524DB1077008996C8 /* person.m */ = {isa = PBXFileReference; lastKnownFileType = sourcecode.c.objc; path = person.m; sourceTree = "<group>"; };
/* End PBXFileReference section */

/* Begin PBXFrameworksBuildPhase section */
		68480A1924DB084C008996C8 /* Frameworks */ = {
			isa = PBXFrameworksBuildPhase;
			buildActionMask = 2147483647;
			files = (
			);
			runOnlyForDeploymentPostprocessing = 0;
		};
		68480A3424DB084E008996C8 /* Frameworks */ = {
			isa = PBXFrameworksBuildPhase;
			buildActionMask = 2147483647;
			files = (
			);
			runOnlyForDeploymentPostprocessing = 0;
		};
		68480A3F24DB084E008996C8 /* Frameworks */ = {
			isa = PBXFrameworksBuildPhase;
			buildActionMask = 2147483647;
			files = (
			);
			runOnlyForDeploymentPostprocessing = 0;
		};
/* End PBXFrameworksBuildPhase section */

/* Begin PBXGroup section */
		68480A1324DB084C008996C8 = {
			isa = PBXGroup;
			children = (
				68480A1E24DB084C008996C8 /* 三次拯救 */,
				68480A3A24DB084E008996C8 /* 三次拯救Tests */,
				68480A4524DB084E008996C8 /* 三次拯救UITests */,
				68480A1D24DB084C008996C8 /* Products */,
			);
			sourceTree = "<group>";
		};
		68480A1D24DB084C008996C8 /* Products */ = {
			isa = PBXGroup;
			children = (
				68480A1C24DB084C008996C8 /* 三次拯救.app */,
				68480A3724DB084E008996C8 /* 三次拯救Tests.xctest */,
				68480A4224DB084E008996C8 /* 三次拯救UITests.xctest */,
			);
			name = Products;
			sourceTree = "<group>";
		};
		68480A1E24DB084C008996C8 /* 三次拯救 */ = {
			isa = PBXGroup;
			children = (
				68480A1F24DB084C008996C8 /* AppDelegate.h */,
				68480A2024DB084C008996C8 /* AppDelegate.m */,
				68480A2224DB084C008996C8 /* SceneDelegate.h */,
				68480A2324DB084C008996C8 /* SceneDelegate.m */,
				68480A2524DB084C008996C8 /* ViewController.h */,
				68480A2624DB084C008996C8 /* ViewController.m */,
				68480A5424DB1077008996C8 /* person.h */,
				68480A5524DB1077008996C8 /* person.m */,
				68480A2824DB084C008996C8 /* Main.storyboard */,
				68480A2B24DB084E008996C8 /* Assets.xcassets */,
				68480A2D24DB084E008996C8 /* LaunchScreen.storyboard */,
				68480A3024DB084E008996C8 /* Info.plist */,
				68480A3124DB084E008996C8 /* main.m */,
			);
			path = "三次拯救";
			sourceTree = "<group>";
		};
		68480A3A24DB084E008996C8 /* 三次拯救Tests */ = {
			isa = PBXGroup;
			children = (
				68480A3B24DB084E008996C8 /* ____Tests.m */,
				68480A3D24DB084E008996C8 /* Info.plist */,
			);
			path = "三次拯救Tests";
			sourceTree = "<group>";
		};
		68480A4524DB084E008996C8 /* 三次拯救UITests */ = {
			isa = PBXGroup;
			children = (
				68480A4624DB084E008996C8 /* ____UITests.m */,
				68480A4824DB084E008996C8 /* Info.plist */,
			);
			path = "三次拯救UITests";
			sourceTree = "<group>";
		};
/* End PBXGroup section */

/* Begin PBXNativeTarget section */
		68480A1B24DB084C008996C8 /* 三次拯救 */ = {
			isa = PBXNativeTarget;
			buildConfigurationList = 68480A4B24DB084E008996C8 /* Build configuration list for PBXNativeTarget "三次拯救" */;
			buildPhases = (
				68480A1824DB084C008996C8 /* Sources */,
				68480A1924DB084C008996C8 /* Frameworks */,
				68480A1A24DB084C008996C8 /* Resources */,
			);
			buildRules = (
			);
			dependencies = (
			);
			name = "三次拯救";
			productName = "三次拯救";
			productReference = 68480A1C24DB084C008996C8 /* 三次拯救.app */;
			productType = "com.apple.product-type.application";
		};
		68480A3624DB084E008996C8 /* 三次拯救Tests */ = {
			isa = PBXNativeTarget;
			buildConfigurationList = 68480A4E24DB084E008996C8 /* Build configuration list for PBXNativeTarget "三次拯救Tests" */;
			buildPhases = (
				68480A3324DB084E008996C8 /* Sources */,
				68480A3424DB084E008996C8 /* Frameworks */,
				68480A3524DB084E008996C8 /* Resources */,
			);
			buildRules = (
			);
			dependencies = (
				68480A3924DB084E008996C8 /* PBXTargetDependency */,
			);
			name = "三次拯救Tests";
			productName = "三次拯救Tests";
			productReference = 68480A3724DB084E008996C8 /* 三次拯救Tests.xctest */;
			productType = "com.apple.product-type.bundle.unit-test";
		};
		68480A4124DB084E008996C8 /* 三次拯救UITests */ = {
			isa = PBXNativeTarget;
			buildConfigurationList = 68480A5124DB084E008996C8 /* Build configuration list for PBXNativeTarget "三次拯救UITests" */;
			buildPhases = (
				68480A3E24DB084E008996C8 /* Sources */,
				68480A3F24DB084E008996C8 /* Frameworks */,
				68480A4024DB084E008996C8 /* Resources */,
			);
			buildRules = (
			);
			dependencies = (
				68480A4424DB084E008996C8 /* PBXTargetDependency */,
			);
			name = "三次拯救UITests";
			productName = "三次拯救UITests";
			productReference = 68480A4224DB084E008996C8 /* 三次拯救UITests.xctest */;
			productType = "com.apple.product-type.bundle.ui-testing";
		};
/* End PBXNativeTarget section */

/* Begin PBXProject section */
		68480A1424DB084C008996C8 /* Project object */ = {
			isa = PBXProject;
			attributes = {
				LastUpgradeCheck = 1150;
				ORGANIZATIONNAME = "蒲悦蓉";
				TargetAttributes = {
					68480A1B24DB084C008996C8 = {
						CreatedOnToolsVersion = 11.5;
					};
					68480A3624DB084E008996C8 = {
						CreatedOnToolsVersion = 11.5;
						TestTargetID = 68480A1B24DB084C008996C8;
					};
					68480A4124DB084E008996C8 = {
						CreatedOnToolsVersion = 11.5;
						TestTargetID = 68480A1B24DB084C008996C8;
					};
				};
			};
			buildConfigurationList = 68480A1724DB084C008996C8 /* Build configuration list for PBXProject "三次拯救" */;
			compatibilityVersion = "Xcode 9.3";
			developmentRegion = en;
			hasScannedForEncodings = 0;
			knownRegions = (
				en,
				Base,
			);
			mainGroup = 68480A1324DB084C008996C8;
			productRefGroup = 68480A1D24DB084C008996C8 /* Products */;
			projectDirPath = "";
			projectRoot = "";
			targets = (
				68480A1B24DB084C008996C8 /* 三次拯救 */,
				68480A3624DB084E008996C8 /* 三次拯救Tests */,
				68480A4124DB084E008996C8 /* 三次拯救UITests */,
			);
		};
/* End PBXProject section */

/* Begin PBXResourcesBuildPhase section */
		68480A1A24DB084C008996C8 /* Resources */ = {
			isa = PBXResourcesBuildPhase;
			buildActionMask = 2147483647;
			files = (
				68480A2F24DB084E008996C8 /* LaunchScreen.storyboard in Resources */,
				68480A2C24DB084E008996C8 /* Assets.xcassets in Resources */,
				68480A2A24DB084C008996C8 /* Main.storyboard in Resources */,
			);
			runOnlyForDeploymentPostprocessing = 0;
		};
		68480A3524DB084E008996C8 /* Resources */ = {
			isa = PBXResourcesBuildPhase;
			buildActionMask = 2147483647;
			files = (
			);
			runOnlyForDeploymentPostprocessing = 0;
		};
		68480A4024DB084E008996C8 /* Resources */ = {
			isa = PBXResourcesBuildPhase;
			buildActionMask = 2147483647;
			files = (
			);
			runOnlyForDeploymentPostprocessing = 0;
		};
/* End PBXResourcesBuildPhase section */

/* Begin PBXSourcesBuildPhase section */
		68480A1824DB084C008996C8 /* Sources */ = {
			isa = PBXSourcesBuildPhase;
			buildActionMask = 2147483647;
			files = (
				68480A2724DB084C008996C8 /* ViewController.m in Sources */,
				68480A5624DB1077008996C8 /* person.m in Sources */,
				68480A2124DB084C008996C8 /* AppDelegate.m in Sources */,
				68480A3224DB084E008996C8 /* main.m in Sources */,
				68480A2424DB084C008996C8 /* SceneDelegate.m in Sources */,
			);
			runOnlyForDeploymentPostprocessing = 0;
		};
		68480A3324DB084E008996C8 /* Sources */ = {
			isa = PBXSourcesBuildPhase;
			buildActionMask = 2147483647;
			files = (
				68480A3C24DB084E008996C8 /* ____Tests.m in Sources */,
			);
			runOnlyForDeploymentPostprocessing = 0;
		};
		68480A3E24DB084E008996C8 /* Sources */ = {
			isa = PBXSourcesBuildPhase;
			buildActionMask = 2147483647;
			files = (
				68480A4724DB084E008996C8 /* ____UITests.m in Sources */,
			);
			runOnlyForDeploymentPostprocessing = 0;
		};
/* End PBXSourcesBuildPhase section */

/* Begin PBXTargetDependency section */
		68480A3924DB084E008996C8 /* PBXTargetDependency */ = {
			isa = PBXTargetDependency;
			target = 68480A1B24DB084C008996C8 /* 三次拯救 */;
			targetProxy = 68480A3824DB084E008996C8 /* PBXContainerItemProxy */;
		};
		68480A4424DB084E008996C8 /* PBXTargetDependency */ = {
			isa = PBXTargetDependency;
			target = 68480A1B24DB084C008996C8 /* 三次拯救 */;
			targetProxy = 68480A4324DB084E008996C8 /* PBXContainerItemProxy */;
		};
/* End PBXTargetDependency section */

/* Begin PBXVariantGroup section */
		68480A2824DB084C008996C8 /* Main.storyboard */ = {
			isa = PBXVariantGroup;
			children = (
				68480A2924DB084C008996C8 /* Base */,
			);
			name = Main.storyboard;
			sourceTree = "<group>";
		};
		68480A2D24DB084E008996C8 /* LaunchScreen.storyboard */ = {
			isa = PBXVariantGroup;
			children = (
				68480A2E24DB084E008996C8 /* Base */,
			);
			name = LaunchScreen.storyboard;
			sourceTree = "<group>";
		};
/* End PBXVariantGroup section */

/* Begin XCBuildConfiguration section */
		68480A4924DB084E008996C8 /* Debug */ = {
			isa = XCBuildConfiguration;
			buildSettings = {
				ALWAYS_SEARCH_USER_PATHS = NO;
				CLANG_ANALYZER_NONNULL = YES;
				CLANG_ANALYZER_NUMBER_OBJECT_CONVERSION = YES_AGGRESSIVE;
				CLANG_CXX_LANGUAGE_STANDARD = "gnu++14";
				CLANG_CXX_LIBRARY = "libc++";
				CLANG_ENABLE_MODULES = YES;
				CLANG_ENABLE_OBJC_ARC = YES;
				CLANG_ENABLE_OBJC_WEAK = YES;
				CLANG_WARN_BLOCK_CAPTURE_AUTORELEASING = YES;
				CLANG_WARN_BOOL_CONVERSION = YES;
				CLANG_WARN_COMMA = YES;
				CLANG_WARN_CONSTANT_CONVERSION = YES;
				CLANG_WARN_DEPRECATED_OBJC_IMPLEMENTATIONS = YES;
				CLANG_WARN_DIRECT_OBJC_ISA_USAGE = YES_ERROR;
				CLANG_WARN_DOCUMENTATION_COMMENTS = YES;
				CLANG_WARN_EMPTY_BODY = YES;
				CLANG_WARN_ENUM_CONVERSION = YES;
				CLANG_WARN_INFINITE_RECURSION = YES;
				CLANG_WARN_INT_CONVERSION = YES;
				CLANG_WARN_NON_LITERAL_NULL_CONVERSION = YES;
				CLANG_WARN_OBJC_IMPLICIT_RETAIN_SELF = YES;
				CLANG_WARN_OBJC_LITERAL_CONVERSION = YES;
				CLANG_WARN_OBJC_ROOT_CLASS = YES_ERROR;
				CLANG_WARN_RANGE_LOOP_ANALYSIS = YES;
				CLANG_WARN_STRICT_PROTOTYPES = YES;
				CLANG_WARN_SUSPICIOUS_MOVE = YES;
				CLANG_WARN_UNGUARDED_AVAILABILITY = YES_AGGRESSIVE;
				CLANG_WARN_UNREACHABLE_CODE = YES;
				CLANG_WARN__DUPLICATE_METHOD_MATCH = YES;
				COPY_PHASE_STRIP = NO;
				DEBUG_INFORMATION_FORMAT = dwarf;
				ENABLE_STRICT_OBJC_MSGSEND = YES;
				ENABLE_TESTABILITY = YES;
				GCC_C_LANGUAGE_STANDARD = gnu11;
				GCC_DYNAMIC_NO_PIC = NO;
				GCC_NO_COMMON_BLOCKS = YES;
				GCC_OPTIMIZATION_LEVEL = 0;
				GCC_PREPROCESSOR_DEFINITIONS = (
					"DEBUG=1",
					"$(inherited)",
				);
				GCC_WARN_64_TO_32_BIT_CONVERSION = YES;
				GCC_WARN_ABOUT_RETURN_TYPE = YES_ERROR;
				GCC_WARN_UNDECLARED_SELECTOR = YES;
				GCC_WARN_UNINITIALIZED_AUTOS = YES_AGGRESSIVE;
				GCC_WARN_UNUSED_FUNCTION = YES;
				GCC_WARN_UNUSED_VARIABLE = YES;
				IPHONEOS_DEPLOYMENT_TARGET = 13.5;
				MTL_ENABLE_DEBUG_INFO = INCLUDE_SOURCE;
				MTL_FAST_MATH = YES;
				ONLY_ACTIVE_ARCH = YES;
				SDKROOT = iphoneos;
			};
			name = Debug;
		};
		68480A4A24DB084E008996C8 /* Release */ = {
			isa = XCBuildConfiguration;
			buildSettings = {
				ALWAYS_SEARCH_USER_PATHS = NO;
				CLANG_ANALYZER_NONNULL = YES;
				CLANG_ANALYZER_NUMBER_OBJECT_CONVERSION = YES_AGGRESSIVE;
				CLANG_CXX_LANGUAGE_STANDARD = "gnu++14";
				CLANG_CXX_LIBRARY = "libc++";
				CLANG_ENABLE_MODULES = YES;
				CLANG_ENABLE_OBJC_ARC = YES;
				CLANG_ENABLE_OBJC_WEAK = YES;
				CLANG_WARN_BLOCK_CAPTURE_AUTORELEASING = YES;
				CLANG_WARN_BOOL_CONVERSION = YES;
				CLANG_WARN_COMMA = YES;
				CLANG_WARN_CONSTANT_CONVERSION = YES;
				CLANG_WARN_DEPRECATED_OBJC_IMPLEMENTATIONS = YES;
				CLANG_WARN_DIRECT_OBJC_ISA_USAGE = YES_ERROR;
				CLANG_WARN_DOCUMENTATION_COMMENTS = YES;
				CLANG_WARN_EMPTY_BODY = YES;
				CLANG_WARN_ENUM_CONVERSION = YES;
				CLANG_WARN_INFINITE_RECURSION = YES;
				CLANG_WARN_INT_CONVERSION = YES;
				CLANG_WARN_NON_LITERAL_NULL_CONVERSION = YES;
				CLANG_WARN_OBJC_IMPLICIT_RETAIN_SELF = YES;
				CLANG_WARN_OBJC_LITERAL_CONVERSION = YES;
				CLANG_WARN_OBJC_ROOT_CLASS = YES_ERROR;
				CLANG_WARN_RANGE_LOOP_ANALYSIS = YES;
				CLANG_WARN_STRICT_PROTOTYPES = YES;
				CLANG_WARN_SUSPICIOUS_MOVE = YES;
				CLANG_WARN_UNGUARDED_AVAILABILITY = YES_AGGRESSIVE;
				CLANG_WARN_UNREACHABLE_CODE = YES;
				CLANG_WARN__DUPLICATE_METHOD_MATCH = YES;
				COPY_PHASE_STRIP = NO;
				DEBUG_INFORMATION_FORMAT = "dwarf-with-dsym";
				ENABLE_NS_ASSERTIONS = NO;
				ENABLE_STRICT_OBJC_MSGSEND = YES;
				GCC_C_LANGUAGE_STANDARD = gnu11;
				GCC_NO_COMMON_BLOCKS = YES;
				GCC_WARN_64_TO_32_BIT_CONVERSION = YES;
				GCC_WARN_ABOUT_RETURN_TYPE = YES_ERROR;
				GCC_WARN_UNDECLARED_SELECTOR = YES;
				GCC_WARN_UNINITIALIZED_AUTOS = YES_AGGRESSIVE;
				GCC_WARN_UNUSED_FUNCTION = YES;
				GCC_WARN_UNUSED_VARIABLE = YES;
				IPHONEOS_DEPLOYMENT_TARGET = 13.5;
				MTL_ENABLE_DEBUG_INFO = NO;
				MTL_FAST_MATH = YES;
				SDKROOT = iphoneos;
				VALIDATE_PRODUCT = YES;
			};
			name = Release;
		};
		68480A4C24DB084E008996C8 /* Debug */ = {
			isa = XCBuildConfiguration;
			buildSettings = {
				ASSETCATALOG_COMPILER_APPICON_NAME = AppIcon;
				CODE_SIGN_STYLE = Automatic;
				INFOPLIST_FILE = "三次拯救/Info.plist";
				LD_RUNPATH_SEARCH_PATHS = (
					"$(inherited)",
					"@executable_path/Frameworks",
				);
				PRODUCT_BUNDLE_IDENTIFIER = "pyr.----";
				PRODUCT_NAME = "$(TARGET_NAME)";
				TARGETED_DEVICE_FAMILY = "1,2";
			};
			name = Debug;
		};
		68480A4D24DB084E008996C8 /* Release */ = {
			isa = XCBuildConfiguration;
			buildSettings = {
				ASSETCATALOG_COMPILER_APPICON_NAME = AppIcon;
				CODE_SIGN_STYLE = Automatic;
				INFOPLIST_FILE = "三次拯救/Info.plist";
				LD_RUNPATH_SEARCH_PATHS = (
					"$(inherited)",
					"@executable_path/Frameworks",
				);
				PRODUCT_BUNDLE_IDENTIFIER = "pyr.----";
				PRODUCT_NAME = "$(TARGET_NAME)";
				TARGETED_DEVICE_FAMILY = "1,2";
			};
			name = Release;
		};
		68480A4F24DB084E008996C8 /* Debug */ = {
			isa = XCBuildConfiguration;
			buildSettings = {
				BUNDLE_LOADER = "$(TEST_HOST)";
				CODE_SIGN_STYLE = Automatic;
				INFOPLIST_FILE = "三次拯救Tests/Info.plist";
				IPHONEOS_DEPLOYMENT_TARGET = 13.5;
				LD_RUNPATH_SEARCH_PATHS = (
					"$(inherited)",
					"@executable_path/Frameworks",
					"@loader_path/Frameworks",
				);
				PRODUCT_BUNDLE_IDENTIFIER = "pyr.----Tests";
				PRODUCT_NAME = "$(TARGET_NAME)";
				TARGETED_DEVICE_FAMILY = "1,2";
				TEST_HOST = "$(BUILT_PRODUCTS_DIR)/三次拯救.app/三次拯救";
			};
			name = Debug;
		};
		68480A5024DB084E008996C8 /* Release */ = {
			isa = XCBuildConfiguration;
			buildSettings = {
				BUNDLE_LOADER = "$(TEST_HOST)";
				CODE_SIGN_STYLE = Automatic;
				INFOPLIST_FILE = "三次拯救Tests/Info.plist";
				IPHONEOS_DEPLOYMENT_TARGET = 13.5;
				LD_RUNPATH_SEARCH_PATHS = (
					"$(inherited)",
					"@executable_path/Frameworks",
					"@loader_path/Frameworks",
				);
				PRODUCT_BUNDLE_IDENTIFIER = "pyr.----Tests";
				PRODUCT_NAME = "$(TARGET_NAME)";
				TARGETED_DEVICE_FAMILY = "1,2";
				TEST_HOST = "$(BUILT_PRODUCTS_DIR)/三次拯救.app/三次拯救";
			};
			name = Release;
		};
		68480A5224DB084E008996C8 /* Debug */ = {
			isa = XCBuildConfiguration;
			buildSettings = {
				CODE_SIGN_STYLE = Automatic;
				INFOPLIST_FILE = "三次拯救UITests/Info.plist";
				LD_RUNPATH_SEARCH_PATHS = (
					"$(inherited)",
					"@executable_path/Frameworks",
					"@loader_path/Frameworks",
				);
				PRODUCT_BUNDLE_IDENTIFIER = "pyr.----UITests";
				PRODUCT_NAME = "$(TARGET_NAME)";
				TARGETED_DEVICE_FAMILY = "1,2";
				TEST_TARGET_NAME = "三次拯救";
			};
			name = Debug;
		};
		68480A5324DB084E008996C8 /* Release */ = {
			isa = XCBuildConfiguration;
			buildSettings = {
				CODE_SIGN_STYLE = Automatic;
				INFOPLIST_FILE = "三次拯救UITests/Info.plist";
				LD_RUNPATH_SEARCH_PATHS = (
					"$(inherited)",
					"@executable_path/Frameworks",
					"@loader_path/Frameworks",
				);
				PRODUCT_BUNDLE_IDENTIFIER = "pyr.----UITests";
				PRODUCT_NAME = "$(TARGET_NAME)";
				TARGETED_DEVICE_FAMILY = "1,2";
				TEST_TARGET_NAME = "三次拯救";
			};
			name = Release;
		};
/* End XCBuildConfiguration section */

/* Begin XCConfigurationList section */
		68480A1724DB084C008996C8 /* Build configuration list for PBXProject "三次拯救" */ = {
			isa = XCConfigurationList;
			buildConfigurations = (
				68480A4924DB084E008996C8 /* Debug */,
				68480A4A24DB084E008996C8 /* Release */,
			);
			defaultConfigurationIsVisible = 0;
			defaultConfigurationName = Release;
		};
		68480A4B24DB084E008996C8 /* Build configuration list for PBXNativeTarget "三次拯救" */ = {
			isa = XCConfigurationList;
			buildConfigurations = (
				68480A4C24DB084E008996C8 /* Debug */,
				68480A4D24DB084E008996C8 /* Release */,
			);
			defaultConfigurationIsVisible = 0;
			defaultConfigurationName = Release;
		};
		68480A4E24DB084E008996C8 /* Build configuration list for PBXNativeTarget "三次拯救Tests" */ = {
			isa = XCConfigurationList;
			buildConfigurations = (
				68480A4F24DB084E008996C8 /* Debug */,
				68480A5024DB084E008996C8 /* Release */,
			);
			defaultConfigurationIsVisible = 0;
			defaultConfigurationName = Release;
		};
		68480A5124DB084E008996C8 /* Build configuration list for PBXNativeTarget "三次拯救UITests" */ = {
			isa = XCConfigurationList;
			buildConfigurations = (
				68480A5224DB084E008996C8 /* Debug */,
				68480A5324DB084E008996C8 /* Release */,
			);
			defaultConfigurationIsVisible = 0;
			defaultConfigurationName = Release;
		};
/* End XCConfigurationList section */
	};
	rootObject = 68480A1424DB084C008996C8 /* Project object */;
}
